
Microsoft Visual Studio Solution File, Format Version 12.00
# Visual Studio Version 16
VisualStudioVersion = 16.0.30907.101
MinimumVisualStudioVersion = 10.0.40219.1
Project("{FAE04EC0-301F-11D3-BF4B-00C04F79EFBC}") = "Lab_8", "Lab_4\Lab_8.csproj", "{D18134C3-445C-407B-B4D7-4756F7A6C518}"
EndProject
Global
	GlobalSection(SolutionConfigurationPlatforms) = preSolution
		Debug|Any CPU = Debug|Any CPU
		Release|Any CPU = Release|Any CPU
	EndGlobalSection
	GlobalSection(ProjectConfigurationPlatforms) = postSolution
		{D18134C3-445C-407B-B4D7-4756F7A6C518}.Debug|Any CPU.ActiveCfg = Debug|Any CPU
		{D18134C3-445C-407B-B4D7-4756F7A6C518}.Debug|Any CPU.Build.0 = Debug|Any CPU
		{D18134C3-445C-407B-B4D7-4756F7A6C518}.Release|Any CPU.ActiveCfg = Release|Any CPU
		{D18134C3-445C-407B-B4D7-4756F7A6C518}.Release|Any CPU.Build.0 = Release|Any CPU
	EndGlobalSection
	GlobalSection(SolutionProperties) = preSolution
		HideSolutionNode = FALSE
	EndGlobalSection
	GlobalSection(ExtensibilityGlobals) = postSolution
		SolutionGuid = {3088EC73-6F77-4C8E-AD4C-2866A508A40A}
	EndGlobalSection
EndGlobal
