
Microsoft Visual Studio Solution File, Format Version 12.00
# Visual Studio Version 16
VisualStudioVersion = 16.0.30611.23
MinimumVisualStudioVersion = 10.0.40219.1
Project("{FAE04EC0-301F-11D3-BF4B-00C04F79EFBC}") = "wcf_chat", "wcf_chat\wcf_chat.csproj", "{BD4D88A1-090E-452D-9FBE-DEB7D56EB887}"
EndProject
Project("{FAE04EC0-301F-11D3-BF4B-00C04F79EFBC}") = "ChatHost", "ChatHost\ChatHost.csproj", "{27888315-F05E-4D79-B561-97C6292025D4}"
EndProject
Project("{FAE04EC0-301F-11D3-BF4B-00C04F79EFBC}") = "ChatClient", "ChatClient\ChatClient.csproj", "{9CC00D78-C2C8-4A08-9E0C-BAB81FBFE6F1}"
EndProject
Global
	GlobalSection(SolutionConfigurationPlatforms) = preSolution
		Debug|Any CPU = Debug|Any CPU
		Release|Any CPU = Release|Any CPU
	EndGlobalSection
	GlobalSection(ProjectConfigurationPlatforms) = postSolution
		{BD4D88A1-090E-452D-9FBE-DEB7D56EB887}.Debug|Any CPU.ActiveCfg = Debug|Any CPU
		{BD4D88A1-090E-452D-9FBE-DEB7D56EB887}.Debug|Any CPU.Build.0 = Debug|Any CPU
		{BD4D88A1-090E-452D-9FBE-DEB7D56EB887}.Release|Any CPU.ActiveCfg = Release|Any CPU
		{BD4D88A1-090E-452D-9FBE-DEB7D56EB887}.Release|Any CPU.Build.0 = Release|Any CPU
		{27888315-F05E-4D79-B561-97C6292025D4}.Debug|Any CPU.ActiveCfg = Debug|Any CPU
		{27888315-F05E-4D79-B561-97C6292025D4}.Debug|Any CPU.Build.0 = Debug|Any CPU
		{27888315-F05E-4D79-B561-97C6292025D4}.Release|Any CPU.ActiveCfg = Release|Any CPU
		{27888315-F05E-4D79-B561-97C6292025D4}.Release|Any CPU.Build.0 = Release|Any CPU
		{9CC00D78-C2C8-4A08-9E0C-BAB81FBFE6F1}.Debug|Any CPU.ActiveCfg = Debug|Any CPU
		{9CC00D78-C2C8-4A08-9E0C-BAB81FBFE6F1}.Debug|Any CPU.Build.0 = Debug|Any CPU
		{9CC00D78-C2C8-4A08-9E0C-BAB81FBFE6F1}.Release|Any CPU.ActiveCfg = Release|Any CPU
		{9CC00D78-C2C8-4A08-9E0C-BAB81FBFE6F1}.Release|Any CPU.Build.0 = Release|Any CPU
	EndGlobalSection
	GlobalSection(SolutionProperties) = preSolution
		HideSolutionNode = FALSE
	EndGlobalSection
	GlobalSection(ExtensibilityGlobals) = postSolution
		SolutionGuid = {54F966FD-4680-453A-A45D-1F5A1D4F7C86}
	EndGlobalSection
EndGlobal
